
Microsoft Visual Studio Solution File, Format Version 12.00
# Visual Studio Version 17
VisualStudioVersion = 17.0.31919.166
MinimumVisualStudioVersion = 10.0.40219.1
Project("{9A19103F-16F7-4668-BE54-9A1E7A4F7556}") = "Hello-dotnet", "Hello-dotnet\Hello-dotnet.csproj", "{6EBFC94E-3855-4700-81F7-25061F4359F9}"
EndProject
Project("{FAE04EC0-301F-11D3-BF4B-00C04F79EFBC}") = "Datatypes", "Datatypes\Datatypes.csproj", "{84558951-25EA-43D1-A020-D6B28F99F14F}"
EndProject
Global
	GlobalSection(SolutionConfigurationPlatforms) = preSolution
		Debug|Any CPU = Debug|Any CPU
		Release|Any CPU = Release|Any CPU
	EndGlobalSection
	GlobalSection(ProjectConfigurationPlatforms) = postSolution
		{6EBFC94E-3855-4700-81F7-25061F4359F9}.Debug|Any CPU.ActiveCfg = Debug|Any CPU
		{6EBFC94E-3855-4700-81F7-25061F4359F9}.Debug|Any CPU.Build.0 = Debug|Any CPU
		{6EBFC94E-3855-4700-81F7-25061F4359F9}.Release|Any CPU.ActiveCfg = Release|Any CPU
		{6EBFC94E-3855-4700-81F7-25061F4359F9}.Release|Any CPU.Build.0 = Release|Any CPU
		{84558951-25EA-43D1-A020-D6B28F99F14F}.Debug|Any CPU.ActiveCfg = Debug|Any CPU
		{84558951-25EA-43D1-A020-D6B28F99F14F}.Debug|Any CPU.Build.0 = Debug|Any CPU
		{84558951-25EA-43D1-A020-D6B28F99F14F}.Release|Any CPU.ActiveCfg = Release|Any CPU
		{84558951-25EA-43D1-A020-D6B28F99F14F}.Release|Any CPU.Build.0 = Release|Any CPU
	EndGlobalSection
	GlobalSection(SolutionProperties) = preSolution
		HideSolutionNode = FALSE
	EndGlobalSection
	GlobalSection(ExtensibilityGlobals) = postSolution
		SolutionGuid = {5B88A79A-BA7A-4610-9614-C143AEC9220A}
	EndGlobalSection
EndGlobal
