
Microsoft Visual Studio Solution File, Format Version 12.00
# Visual Studio Version 17
VisualStudioVersion = 17.0.31919.166
MinimumVisualStudioVersion = 10.0.40219.1
Project("{FAE04EC0-301F-11D3-BF4B-00C04F79EFBC}") = "Operators", "Operators.csproj", "{38832D0E-038C-460B-BE4F-426BBBBD25BF}"
EndProject
Global
	GlobalSection(SolutionConfigurationPlatforms) = preSolution
		Debug|Any CPU = Debug|Any CPU
		Release|Any CPU = Release|Any CPU
	EndGlobalSection
	GlobalSection(ProjectConfigurationPlatforms) = postSolution
		{38832D0E-038C-460B-BE4F-426BBBBD25BF}.Debug|Any CPU.ActiveCfg = Debug|Any CPU
		{38832D0E-038C-460B-BE4F-426BBBBD25BF}.Debug|Any CPU.Build.0 = Debug|Any CPU
		{38832D0E-038C-460B-BE4F-426BBBBD25BF}.Release|Any CPU.ActiveCfg = Release|Any CPU
		{38832D0E-038C-460B-BE4F-426BBBBD25BF}.Release|Any CPU.Build.0 = Release|Any CPU
	EndGlobalSection
	GlobalSection(SolutionProperties) = preSolution
		HideSolutionNode = FALSE
	EndGlobalSection
	GlobalSection(ExtensibilityGlobals) = postSolution
		SolutionGuid = {5C130828-4F9A-448F-95E8-5254C4008E15}
	EndGlobalSection
EndGlobal
